// !$*UTF8*$!
{
	archiveVersion = 1;
	classes = {
	};
	objectVersion = 46;
	objects = {

/* Begin PBXBuildFile section */
		27AA4C8A7940D061B8946437 /* Pods_instagram.framework in Frameworks */ = {isa = PBXBuildFile; fileRef = B1E481C0EF2DE12C393950A3 /* Pods_instagram.framework */; };
		73F0045D6D692EF9F46F9379 /* Pods_instagramUITests.framework in Frameworks */ = {isa = PBXBuildFile; fileRef = AD2BBC549FF4E07E95B1ED58 /* Pods_instagramUITests.framework */; };
		B61C96F473123CA43B0DE9F5 /* Pods_instagramTests.framework in Frameworks */ = {isa = PBXBuildFile; fileRef = EAE399ADA5080D4C484669DC /* Pods_instagramTests.framework */; };
		B81517151F03096F007B6675 /* AppDelegate.swift in Sources */ = {isa = PBXBuildFile; fileRef = B81517141F03096F007B6675 /* AppDelegate.swift */; };
		B81517171F03096F007B6675 /* ViewController.swift in Sources */ = {isa = PBXBuildFile; fileRef = B81517161F03096F007B6675 /* ViewController.swift */; };
		B815171A1F03096F007B6675 /* Main.storyboard in Resources */ = {isa = PBXBuildFile; fileRef = B81517181F03096F007B6675 /* Main.storyboard */; };
		B815171C1F03096F007B6675 /* Assets.xcassets in Resources */ = {isa = PBXBuildFile; fileRef = B815171B1F03096F007B6675 /* Assets.xcassets */; };
		B815171F1F03096F007B6675 /* LaunchScreen.storyboard in Resources */ = {isa = PBXBuildFile; fileRef = B815171D1F03096F007B6675 /* LaunchScreen.storyboard */; };
		B815172A1F030970007B6675 /* instagramTests.swift in Sources */ = {isa = PBXBuildFile; fileRef = B81517291F030970007B6675 /* instagramTests.swift */; };
		B81517351F030970007B6675 /* instagramUITests.swift in Sources */ = {isa = PBXBuildFile; fileRef = B81517341F030970007B6675 /* instagramUITests.swift */; };
		B81517431F031109007B6675 /* LoginViewController.swift in Sources */ = {isa = PBXBuildFile; fileRef = B81517421F031109007B6675 /* LoginViewController.swift */; };
		B81517451F0334DA007B6675 /* FeedViewController.swift in Sources */ = {isa = PBXBuildFile; fileRef = B81517441F0334DA007B6675 /* FeedViewController.swift */; };
		B81517471F042539007B6675 /* PostViewController.swift in Sources */ = {isa = PBXBuildFile; fileRef = B81517461F042539007B6675 /* PostViewController.swift */; };
		B8F81E081F045C40004D820C /* Post.swift in Sources */ = {isa = PBXBuildFile; fileRef = B8F81E071F045C40004D820C /* Post.swift */; };
		B8F81E0A1F048002004D820C /* FeedCell.swift in Sources */ = {isa = PBXBuildFile; fileRef = B8F81E091F048002004D820C /* FeedCell.swift */; };
/* End PBXBuildFile section */

/* Begin PBXContainerItemProxy section */
		B81517261F030970007B6675 /* PBXContainerItemProxy */ = {
			isa = PBXContainerItemProxy;
			containerPortal = B81517091F03096F007B6675 /* Project object */;
			proxyType = 1;
			remoteGlobalIDString = B81517101F03096F007B6675;
			remoteInfo = instagram;
		};
		B81517311F030970007B6675 /* PBXContainerItemProxy */ = {
			isa = PBXContainerItemProxy;
			containerPortal = B81517091F03096F007B6675 /* Project object */;
			proxyType = 1;
			remoteGlobalIDString = B81517101F03096F007B6675;
			remoteInfo = instagram;
		};
/* End PBXContainerItemProxy section */

/* Begin PBXFileReference section */
		1BFB553BE948EB110322BC04 /* Pods-instagram.release.xcconfig */ = {isa = PBXFileReference; includeInIndex = 1; lastKnownFileType = text.xcconfig; name = "Pods-instagram.release.xcconfig"; path = "Pods/Target Support Files/Pods-instagram/Pods-instagram.release.xcconfig"; sourceTree = "<group>"; };
		1D865501FC696B84C842EEE9 /* Pods-instagramTests.debug.xcconfig */ = {isa = PBXFileReference; includeInIndex = 1; lastKnownFileType = text.xcconfig; name = "Pods-instagramTests.debug.xcconfig"; path = "Pods/Target Support Files/Pods-instagramTests/Pods-instagramTests.debug.xcconfig"; sourceTree = "<group>"; };
		219F2E1126B045E3A86325DE /* Pods-instagramUITests.release.xcconfig */ = {isa = PBXFileReference; includeInIndex = 1; lastKnownFileType = text.xcconfig; name = "Pods-instagramUITests.release.xcconfig"; path = "Pods/Target Support Files/Pods-instagramUITests/Pods-instagramUITests.release.xcconfig"; sourceTree = "<group>"; };
		29DE513903193FC3E4D36684 /* Pods-instagramTests.release.xcconfig */ = {isa = PBXFileReference; includeInIndex = 1; lastKnownFileType = text.xcconfig; name = "Pods-instagramTests.release.xcconfig"; path = "Pods/Target Support Files/Pods-instagramTests/Pods-instagramTests.release.xcconfig"; sourceTree = "<group>"; };
		88789CFFCE338D6B27680D06 /* Pods-instagram.debug.xcconfig */ = {isa = PBXFileReference; includeInIndex = 1; lastKnownFileType = text.xcconfig; name = "Pods-instagram.debug.xcconfig"; path = "Pods/Target Support Files/Pods-instagram/Pods-instagram.debug.xcconfig"; sourceTree = "<group>"; };
		AD2BBC549FF4E07E95B1ED58 /* Pods_instagramUITests.framework */ = {isa = PBXFileReference; explicitFileType = wrapper.framework; includeInIndex = 0; path = Pods_instagramUITests.framework; sourceTree = BUILT_PRODUCTS_DIR; };
		B1E481C0EF2DE12C393950A3 /* Pods_instagram.framework */ = {isa = PBXFileReference; explicitFileType = wrapper.framework; includeInIndex = 0; path = Pods_instagram.framework; sourceTree = BUILT_PRODUCTS_DIR; };
		B81517111F03096F007B6675 /* instagram.app */ = {isa = PBXFileReference; explicitFileType = wrapper.application; includeInIndex = 0; path = instagram.app; sourceTree = BUILT_PRODUCTS_DIR; };
		B81517141F03096F007B6675 /* AppDelegate.swift */ = {isa = PBXFileReference; lastKnownFileType = sourcecode.swift; path = AppDelegate.swift; sourceTree = "<group>"; };
		B81517161F03096F007B6675 /* ViewController.swift */ = {isa = PBXFileReference; lastKnownFileType = sourcecode.swift; path = ViewController.swift; sourceTree = "<group>"; };
		B81517191F03096F007B6675 /* Base */ = {isa = PBXFileReference; lastKnownFileType = file.storyboard; name = Base; path = Base.lproj/Main.storyboard; sourceTree = "<group>"; };
		B815171B1F03096F007B6675 /* Assets.xcassets */ = {isa = PBXFileReference; lastKnownFileType = folder.assetcatalog; path = Assets.xcassets; sourceTree = "<group>"; };
		B815171E1F03096F007B6675 /* Base */ = {isa = PBXFileReference; lastKnownFileType = file.storyboard; name = Base; path = Base.lproj/LaunchScreen.storyboard; sourceTree = "<group>"; };
		B81517201F03096F007B6675 /* Info.plist */ = {isa = PBXFileReference; lastKnownFileType = text.plist.xml; path = Info.plist; sourceTree = "<group>"; };
		B81517251F030970007B6675 /* instagramTests.xctest */ = {isa = PBXFileReference; explicitFileType = wrapper.cfbundle; includeInIndex = 0; path = instagramTests.xctest; sourceTree = BUILT_PRODUCTS_DIR; };
		B81517291F030970007B6675 /* instagramTests.swift */ = {isa = PBXFileReference; lastKnownFileType = sourcecode.swift; path = instagramTests.swift; sourceTree = "<group>"; };
		B815172B1F030970007B6675 /* Info.plist */ = {isa = PBXFileReference; lastKnownFileType = text.plist.xml; path = Info.plist; sourceTree = "<group>"; };
		B81517301F030970007B6675 /* instagramUITests.xctest */ = {isa = PBXFileReference; explicitFileType = wrapper.cfbundle; includeInIndex = 0; path = instagramUITests.xctest; sourceTree = BUILT_PRODUCTS_DIR; };
		B81517341F030970007B6675 /* instagramUITests.swift */ = {isa = PBXFileReference; lastKnownFileType = sourcecode.swift; path = instagramUITests.swift; sourceTree = "<group>"; };
		B81517361F030970007B6675 /* Info.plist */ = {isa = PBXFileReference; lastKnownFileType = text.plist.xml; path = Info.plist; sourceTree = "<group>"; };
		B81517421F031109007B6675 /* LoginViewController.swift */ = {isa = PBXFileReference; fileEncoding = 4; lastKnownFileType = sourcecode.swift; path = LoginViewController.swift; sourceTree = "<group>"; };
		B81517441F0334DA007B6675 /* FeedViewController.swift */ = {isa = PBXFileReference; fileEncoding = 4; lastKnownFileType = sourcecode.swift; path = FeedViewController.swift; sourceTree = "<group>"; };
		B81517461F042539007B6675 /* PostViewController.swift */ = {isa = PBXFileReference; fileEncoding = 4; lastKnownFileType = sourcecode.swift; path = PostViewController.swift; sourceTree = "<group>"; };
		B8F81E071F045C40004D820C /* Post.swift */ = {isa = PBXFileReference; fileEncoding = 4; lastKnownFileType = sourcecode.swift; path = Post.swift; sourceTree = "<group>"; };
		B8F81E091F048002004D820C /* FeedCell.swift */ = {isa = PBXFileReference; fileEncoding = 4; lastKnownFileType = sourcecode.swift; path = FeedCell.swift; sourceTree = "<group>"; };
		D7353826F39BF92204F5B6A4 /* Pods-instagramUITests.debug.xcconfig */ = {isa = PBXFileReference; includeInIndex = 1; lastKnownFileType = text.xcconfig; name = "Pods-instagramUITests.debug.xcconfig"; path = "Pods/Target Support Files/Pods-instagramUITests/Pods-instagramUITests.debug.xcconfig"; sourceTree = "<group>"; };
		EAE399ADA5080D4C484669DC /* Pods_instagramTests.framework */ = {isa = PBXFileReference; explicitFileType = wrapper.framework; includeInIndex = 0; path = Pods_instagramTests.framework; sourceTree = BUILT_PRODUCTS_DIR; };
/* End PBXFileReference section */

/* Begin PBXFrameworksBuildPhase section */
		B815170E1F03096F007B6675 /* Frameworks */ = {
			isa = PBXFrameworksBuildPhase;
			buildActionMask = 2147483647;
			files = (
				27AA4C8A7940D061B8946437 /* Pods_instagram.framework in Frameworks */,
			);
			runOnlyForDeploymentPostprocessing = 0;
		};
		B81517221F030970007B6675 /* Frameworks */ = {
			isa = PBXFrameworksBuildPhase;
			buildActionMask = 2147483647;
			files = (
				B61C96F473123CA43B0DE9F5 /* Pods_instagramTests.framework in Frameworks */,
			);
			runOnlyForDeploymentPostprocessing = 0;
		};
		B815172D1F030970007B6675 /* Frameworks */ = {
			isa = PBXFrameworksBuildPhase;
			buildActionMask = 2147483647;
			files = (
				73F0045D6D692EF9F46F9379 /* Pods_instagramUITests.framework in Frameworks */,
			);
			runOnlyForDeploymentPostprocessing = 0;
		};
/* End PBXFrameworksBuildPhase section */

/* Begin PBXGroup section */
		28873C678B777B5CC3AF84C0 /* Frameworks */ = {
			isa = PBXGroup;
			children = (
				B1E481C0EF2DE12C393950A3 /* Pods_instagram.framework */,
				EAE399ADA5080D4C484669DC /* Pods_instagramTests.framework */,
				AD2BBC549FF4E07E95B1ED58 /* Pods_instagramUITests.framework */,
			);
			name = Frameworks;
			sourceTree = "<group>";
		};
		B81517081F03096F007B6675 = {
			isa = PBXGroup;
			children = (
				B81517131F03096F007B6675 /* instagram */,
				B81517281F030970007B6675 /* instagramTests */,
				B81517331F030970007B6675 /* instagramUITests */,
				B81517121F03096F007B6675 /* Products */,
				EBB7AE9E956ED2DFBF9F4063 /* Pods */,
				28873C678B777B5CC3AF84C0 /* Frameworks */,
			);
			sourceTree = "<group>";
		};
		B81517121F03096F007B6675 /* Products */ = {
			isa = PBXGroup;
			children = (
				B81517111F03096F007B6675 /* instagram.app */,
				B81517251F030970007B6675 /* instagramTests.xctest */,
				B81517301F030970007B6675 /* instagramUITests.xctest */,
			);
			name = Products;
			sourceTree = "<group>";
		};
		B81517131F03096F007B6675 /* instagram */ = {
			isa = PBXGroup;
			children = (
				B8F81E071F045C40004D820C /* Post.swift */,
				B8F81E091F048002004D820C /* FeedCell.swift */,
				B81517141F03096F007B6675 /* AppDelegate.swift */,
				B81517161F03096F007B6675 /* ViewController.swift */,
				B81517181F03096F007B6675 /* Main.storyboard */,
				B815171B1F03096F007B6675 /* Assets.xcassets */,
				B815171D1F03096F007B6675 /* LaunchScreen.storyboard */,
				B81517201F03096F007B6675 /* Info.plist */,
				B81517421F031109007B6675 /* LoginViewController.swift */,
				B81517441F0334DA007B6675 /* FeedViewController.swift */,
				B81517461F042539007B6675 /* PostViewController.swift */,
			);
			path = instagram;
			sourceTree = "<group>";
		};
		B81517281F030970007B6675 /* instagramTests */ = {
			isa = PBXGroup;
			children = (
				B81517291F030970007B6675 /* instagramTests.swift */,
				B815172B1F030970007B6675 /* Info.plist */,
			);
			path = instagramTests;
			sourceTree = "<group>";
		};
		B81517331F030970007B6675 /* instagramUITests */ = {
			isa = PBXGroup;
			children = (
				B81517341F030970007B6675 /* instagramUITests.swift */,
				B81517361F030970007B6675 /* Info.plist */,
			);
			path = instagramUITests;
			sourceTree = "<group>";
		};
		EBB7AE9E956ED2DFBF9F4063 /* Pods */ = {
			isa = PBXGroup;
			children = (
				88789CFFCE338D6B27680D06 /* Pods-instagram.debug.xcconfig */,
				1BFB553BE948EB110322BC04 /* Pods-instagram.release.xcconfig */,
				1D865501FC696B84C842EEE9 /* Pods-instagramTests.debug.xcconfig */,
				29DE513903193FC3E4D36684 /* Pods-instagramTests.release.xcconfig */,
				D7353826F39BF92204F5B6A4 /* Pods-instagramUITests.debug.xcconfig */,
				219F2E1126B045E3A86325DE /* Pods-instagramUITests.release.xcconfig */,
			);
			name = Pods;
			sourceTree = "<group>";
		};
/* End PBXGroup section */

/* Begin PBXNativeTarget section */
		B81517101F03096F007B6675 /* instagram */ = {
			isa = PBXNativeTarget;
			buildConfigurationList = B81517391F030970007B6675 /* Build configuration list for PBXNativeTarget "instagram" */;
			buildPhases = (
				DD75939CC7134DC7884DE3DD /* [CP] Check Pods Manifest.lock */,
				B815170D1F03096F007B6675 /* Sources */,
				B815170E1F03096F007B6675 /* Frameworks */,
				B815170F1F03096F007B6675 /* Resources */,
				CA1D5FD06EBAF63277D169C4 /* [CP] Embed Pods Frameworks */,
				EC0C302A25F0949ED883E33D /* [CP] Copy Pods Resources */,
			);
			buildRules = (
			);
			dependencies = (
			);
			name = instagram;
			productName = instagram;
			productReference = B81517111F03096F007B6675 /* instagram.app */;
			productType = "com.apple.product-type.application";
		};
		B81517241F030970007B6675 /* instagramTests */ = {
			isa = PBXNativeTarget;
			buildConfigurationList = B815173C1F030970007B6675 /* Build configuration list for PBXNativeTarget "instagramTests" */;
			buildPhases = (
				BDF2D754C7BA09329D4D5C93 /* [CP] Check Pods Manifest.lock */,
				B81517211F030970007B6675 /* Sources */,
				B81517221F030970007B6675 /* Frameworks */,
				B81517231F030970007B6675 /* Resources */,
				54B6175768BEF785F8CA49FC /* [CP] Embed Pods Frameworks */,
				1042F1A69E079459C8FB8CAE /* [CP] Copy Pods Resources */,
			);
			buildRules = (
			);
			dependencies = (
				B81517271F030970007B6675 /* PBXTargetDependency */,
			);
			name = instagramTests;
			productName = instagramTests;
			productReference = B81517251F030970007B6675 /* instagramTests.xctest */;
			productType = "com.apple.product-type.bundle.unit-test";
		};
		B815172F1F030970007B6675 /* instagramUITests */ = {
			isa = PBXNativeTarget;
			buildConfigurationList = B815173F1F030970007B6675 /* Build configuration list for PBXNativeTarget "instagramUITests" */;
			buildPhases = (
				BF760553BB9632F23E5BE25B /* [CP] Check Pods Manifest.lock */,
				B815172C1F030970007B6675 /* Sources */,
				B815172D1F030970007B6675 /* Frameworks */,
				B815172E1F030970007B6675 /* Resources */,
				61522B140F7F319C138C85A8 /* [CP] Embed Pods Frameworks */,
				52F309055AC1D2ADB1E907C5 /* [CP] Copy Pods Resources */,
			);
			buildRules = (
			);
			dependencies = (
				B81517321F030970007B6675 /* PBXTargetDependency */,
			);
			name = instagramUITests;
			productName = instagramUITests;
			productReference = B81517301F030970007B6675 /* instagramUITests.xctest */;
			productType = "com.apple.product-type.bundle.ui-testing";
		};
/* End PBXNativeTarget section */

/* Begin PBXProject section */
		B81517091F03096F007B6675 /* Project object */ = {
			isa = PBXProject;
			attributes = {
				LastSwiftUpdateCheck = 0830;
				LastUpgradeCheck = 0830;
				ORGANIZATIONNAME = "Josh Olumese";
				TargetAttributes = {
					B81517101F03096F007B6675 = {
						CreatedOnToolsVersion = 8.3.2;
						DevelopmentTeam = U253D4MY4D;
						ProvisioningStyle = Automatic;
					};
					B81517241F030970007B6675 = {
						CreatedOnToolsVersion = 8.3.2;
						ProvisioningStyle = Automatic;
						TestTargetID = B81517101F03096F007B6675;
					};
					B815172F1F030970007B6675 = {
						CreatedOnToolsVersion = 8.3.2;
						ProvisioningStyle = Automatic;
						TestTargetID = B81517101F03096F007B6675;
					};
				};
			};
			buildConfigurationList = B815170C1F03096F007B6675 /* Build configuration list for PBXProject "instagram" */;
			compatibilityVersion = "Xcode 3.2";
			developmentRegion = English;
			hasScannedForEncodings = 0;
			knownRegions = (
				en,
				Base,
			);
			mainGroup = B81517081F03096F007B6675;
			productRefGroup = B81517121F03096F007B6675 /* Products */;
			projectDirPath = "";
			projectRoot = "";
			targets = (
				B81517101F03096F007B6675 /* instagram */,
				B81517241F030970007B6675 /* instagramTests */,
				B815172F1F030970007B6675 /* instagramUITests */,
			);
		};
/* End PBXProject section */

/* Begin PBXResourcesBuildPhase section */
		B815170F1F03096F007B6675 /* Resources */ = {
			isa = PBXResourcesBuildPhase;
			buildActionMask = 2147483647;
			files = (
				B815171F1F03096F007B6675 /* LaunchScreen.storyboard in Resources */,
				B815171C1F03096F007B6675 /* Assets.xcassets in Resources */,
				B815171A1F03096F007B6675 /* Main.storyboard in Resources */,
			);
			runOnlyForDeploymentPostprocessing = 0;
		};
		B81517231F030970007B6675 /* Resources */ = {
			isa = PBXResourcesBuildPhase;
			buildActionMask = 2147483647;
			files = (
			);
			runOnlyForDeploymentPostprocessing = 0;
		};
		B815172E1F030970007B6675 /* Resources */ = {
			isa = PBXResourcesBuildPhase;
			buildActionMask = 2147483647;
			files = (
			);
			runOnlyForDeploymentPostprocessing = 0;
		};
/* End PBXResourcesBuildPhase section */

/* Begin PBXShellScriptBuildPhase section */
		1042F1A69E079459C8FB8CAE /* [CP] Copy Pods Resources */ = {
			isa = PBXShellScriptBuildPhase;
			buildActionMask = 2147483647;
			files = (
			);
			inputPaths = (
			);
			name = "[CP] Copy Pods Resources";
			outputPaths = (
			);
			runOnlyForDeploymentPostprocessing = 0;
			shellPath = /bin/sh;
			shellScript = "\"${SRCROOT}/Pods/Target Support Files/Pods-instagramTests/Pods-instagramTests-resources.sh\"\n";
			showEnvVarsInLog = 0;
		};
		52F309055AC1D2ADB1E907C5 /* [CP] Copy Pods Resources */ = {
			isa = PBXShellScriptBuildPhase;
			buildActionMask = 2147483647;
			files = (
			);
			inputPaths = (
			);
			name = "[CP] Copy Pods Resources";
			outputPaths = (
			);
			runOnlyForDeploymentPostprocessing = 0;
			shellPath = /bin/sh;
			shellScript = "\"${SRCROOT}/Pods/Target Support Files/Pods-instagramUITests/Pods-instagramUITests-resources.sh\"\n";
			showEnvVarsInLog = 0;
		};
		54B6175768BEF785F8CA49FC /* [CP] Embed Pods Frameworks */ = {
			isa = PBXShellScriptBuildPhase;
			buildActionMask = 2147483647;
			files = (
			);
			inputPaths = (
			);
			name = "[CP] Embed Pods Frameworks";
			outputPaths = (
			);
			runOnlyForDeploymentPostprocessing = 0;
			shellPath = /bin/sh;
			shellScript = "\"${SRCROOT}/Pods/Target Support Files/Pods-instagramTests/Pods-instagramTests-frameworks.sh\"\n";
			showEnvVarsInLog = 0;
		};
		61522B140F7F319C138C85A8 /* [CP] Embed Pods Frameworks */ = {
			isa = PBXShellScriptBuildPhase;
			buildActionMask = 2147483647;
			files = (
			);
			inputPaths = (
			);
			name = "[CP] Embed Pods Frameworks";
			outputPaths = (
			);
			runOnlyForDeploymentPostprocessing = 0;
			shellPath = /bin/sh;
			shellScript = "\"${SRCROOT}/Pods/Target Support Files/Pods-instagramUITests/Pods-instagramUITests-frameworks.sh\"\n";
			showEnvVarsInLog = 0;
		};
		BDF2D754C7BA09329D4D5C93 /* [CP] Check Pods Manifest.lock */ = {
			isa = PBXShellScriptBuildPhase;
			buildActionMask = 2147483647;
			files = (
			);
			inputPaths = (
			);
			name = "[CP] Check Pods Manifest.lock";
			outputPaths = (
			);
			runOnlyForDeploymentPostprocessing = 0;
			shellPath = /bin/sh;
			shellScript = "diff \"${PODS_PODFILE_DIR_PATH}/Podfile.lock\" \"${PODS_ROOT}/Manifest.lock\" > /dev/null\nif [ $? != 0 ] ; then\n    # print error to STDERR\n    echo \"error: The sandbox is not in sync with the Podfile.lock. Run 'pod install' or update your CocoaPods installation.\" >&2\n    exit 1\nfi\n";
			showEnvVarsInLog = 0;
		};
		BF760553BB9632F23E5BE25B /* [CP] Check Pods Manifest.lock */ = {
			isa = PBXShellScriptBuildPhase;
			buildActionMask = 2147483647;
			files = (
			);
			inputPaths = (
			);
			name = "[CP] Check Pods Manifest.lock";
			outputPaths = (
			);
			runOnlyForDeploymentPostprocessing = 0;
			shellPath = /bin/sh;
			shellScript = "diff \"${PODS_PODFILE_DIR_PATH}/Podfile.lock\" \"${PODS_ROOT}/Manifest.lock\" > /dev/null\nif [ $? != 0 ] ; then\n    # print error to STDERR\n    echo \"error: The sandbox is not in sync with the Podfile.lock. Run 'pod install' or update your CocoaPods installation.\" >&2\n    exit 1\nfi\n";
			showEnvVarsInLog = 0;
		};
		CA1D5FD06EBAF63277D169C4 /* [CP] Embed Pods Frameworks */ = {
			isa = PBXShellScriptBuildPhase;
			buildActionMask = 2147483647;
			files = (
			);
			inputPaths = (
			);
			name = "[CP] Embed Pods Frameworks";
			outputPaths = (
			);
			runOnlyForDeploymentPostprocessing = 0;
			shellPath = /bin/sh;
			shellScript = "\"${SRCROOT}/Pods/Target Support Files/Pods-instagram/Pods-instagram-frameworks.sh\"\n";
			showEnvVarsInLog = 0;
		};
		DD75939CC7134DC7884DE3DD /* [CP] Check Pods Manifest.lock */ = {
			isa = PBXShellScriptBuildPhase;
			buildActionMask = 2147483647;
			files = (
			);
			inputPaths = (
			);
			name = "[CP] Check Pods Manifest.lock";
			outputPaths = (
			);
			runOnlyForDeploymentPostprocessing = 0;
			shellPath = /bin/sh;
			shellScript = "diff \"${PODS_PODFILE_DIR_PATH}/Podfile.lock\" \"${PODS_ROOT}/Manifest.lock\" > /dev/null\nif [ $? != 0 ] ; then\n    # print error to STDERR\n    echo \"error: The sandbox is not in sync with the Podfile.lock. Run 'pod install' or update your CocoaPods installation.\" >&2\n    exit 1\nfi\n";
			showEnvVarsInLog = 0;
		};
		EC0C302A25F0949ED883E33D /* [CP] Copy Pods Resources */ = {
			isa = PBXShellScriptBuildPhase;
			buildActionMask = 2147483647;
			files = (
			);
			inputPaths = (
			);
			name = "[CP] Copy Pods Resources";
			outputPaths = (
			);
			runOnlyForDeploymentPostprocessing = 0;
			shellPath = /bin/sh;
			shellScript = "\"${SRCROOT}/Pods/Target Support Files/Pods-instagram/Pods-instagram-resources.sh\"\n";
			showEnvVarsInLog = 0;
		};
/* End PBXShellScriptBuildPhase section */

/* Begin PBXSourcesBuildPhase section */
		B815170D1F03096F007B6675 /* Sources */ = {
			isa = PBXSourcesBuildPhase;
			buildActionMask = 2147483647;
			files = (
				B8F81E0A1F048002004D820C /* FeedCell.swift in Sources */,
				B81517431F031109007B6675 /* LoginViewController.swift in Sources */,
				B81517171F03096F007B6675 /* ViewController.swift in Sources */,
				B81517451F0334DA007B6675 /* FeedViewController.swift in Sources */,
				B8F81E081F045C40004D820C /* Post.swift in Sources */,
				B81517151F03096F007B6675 /* AppDelegate.swift in Sources */,
				B81517471F042539007B6675 /* PostViewController.swift in Sources */,
			);
			runOnlyForDeploymentPostprocessing = 0;
		};
		B81517211F030970007B6675 /* Sources */ = {
			isa = PBXSourcesBuildPhase;
			buildActionMask = 2147483647;
			files = (
				B815172A1F030970007B6675 /* instagramTests.swift in Sources */,
			);
			runOnlyForDeploymentPostprocessing = 0;
		};
		B815172C1F030970007B6675 /* Sources */ = {
			isa = PBXSourcesBuildPhase;
			buildActionMask = 2147483647;
			files = (
				B81517351F030970007B6675 /* instagramUITests.swift in Sources */,
			);
			runOnlyForDeploymentPostprocessing = 0;
		};
/* End PBXSourcesBuildPhase section */

/* Begin PBXTargetDependency section */
		B81517271F030970007B6675 /* PBXTargetDependency */ = {
			isa = PBXTargetDependency;
			target = B81517101F03096F007B6675 /* instagram */;
			targetProxy = B81517261F030970007B6675 /* PBXContainerItemProxy */;
		};
		B81517321F030970007B6675 /* PBXTargetDependency */ = {
			isa = PBXTargetDependency;
			target = B81517101F03096F007B6675 /* instagram */;
			targetProxy = B81517311F030970007B6675 /* PBXContainerItemProxy */;
		};
/* End PBXTargetDependency section */

/* Begin PBXVariantGroup section */
		B81517181F03096F007B6675 /* Main.storyboard */ = {
			isa = PBXVariantGroup;
			children = (
				B81517191F03096F007B6675 /* Base */,
			);
			name = Main.storyboard;
			sourceTree = "<group>";
		};
		B815171D1F03096F007B6675 /* LaunchScreen.storyboard */ = {
			isa = PBXVariantGroup;
			children = (
				B815171E1F03096F007B6675 /* Base */,
			);
			name = LaunchScreen.storyboard;
			sourceTree = "<group>";
		};
/* End PBXVariantGroup section */

/* Begin XCBuildConfiguration section */
		B81517371F030970007B6675 /* Debug */ = {
			isa = XCBuildConfiguration;
			buildSettings = {
				ALWAYS_SEARCH_USER_PATHS = NO;
				CLANG_ANALYZER_NONNULL = YES;
				CLANG_ANALYZER_NUMBER_OBJECT_CONVERSION = YES_AGGRESSIVE;
				CLANG_CXX_LANGUAGE_STANDARD = "gnu++0x";
				CLANG_CXX_LIBRARY = "libc++";
				CLANG_ENABLE_MODULES = YES;
				CLANG_ENABLE_OBJC_ARC = YES;
				CLANG_WARN_BOOL_CONVERSION = YES;
				CLANG_WARN_CONSTANT_CONVERSION = YES;
				CLANG_WARN_DIRECT_OBJC_ISA_USAGE = YES_ERROR;
				CLANG_WARN_DOCUMENTATION_COMMENTS = YES;
				CLANG_WARN_EMPTY_BODY = YES;
				CLANG_WARN_ENUM_CONVERSION = YES;
				CLANG_WARN_INFINITE_RECURSION = YES;
				CLANG_WARN_INT_CONVERSION = YES;
				CLANG_WARN_OBJC_ROOT_CLASS = YES_ERROR;
				CLANG_WARN_SUSPICIOUS_MOVE = YES;
				CLANG_WARN_UNREACHABLE_CODE = YES;
				CLANG_WARN__DUPLICATE_METHOD_MATCH = YES;
				"CODE_SIGN_IDENTITY[sdk=iphoneos*]" = "iPhone Developer";
				COPY_PHASE_STRIP = NO;
				DEBUG_INFORMATION_FORMAT = dwarf;
				ENABLE_STRICT_OBJC_MSGSEND = YES;
				ENABLE_TESTABILITY = YES;
				GCC_C_LANGUAGE_STANDARD = gnu99;
				GCC_DYNAMIC_NO_PIC = NO;
				GCC_NO_COMMON_BLOCKS = YES;
				GCC_OPTIMIZATION_LEVEL = 0;
				GCC_PREPROCESSOR_DEFINITIONS = (
					"DEBUG=1",
					"$(inherited)",
				);
				GCC_WARN_64_TO_32_BIT_CONVERSION = YES;
				GCC_WARN_ABOUT_RETURN_TYPE = YES_ERROR;
				GCC_WARN_UNDECLARED_SELECTOR = YES;
				GCC_WARN_UNINITIALIZED_AUTOS = YES_AGGRESSIVE;
				GCC_WARN_UNUSED_FUNCTION = YES;
				GCC_WARN_UNUSED_VARIABLE = YES;
				IPHONEOS_DEPLOYMENT_TARGET = 10.3;
				MTL_ENABLE_DEBUG_INFO = YES;
				ONLY_ACTIVE_ARCH = YES;
				SDKROOT = iphoneos;
				SWIFT_ACTIVE_COMPILATION_CONDITIONS = DEBUG;
				SWIFT_OPTIMIZATION_LEVEL = "-Onone";
			};
			name = Debug;
		};
		B81517381F030970007B6675 /* Release */ = {
			isa = XCBuildConfiguration;
			buildSettings = {
				ALWAYS_SEARCH_USER_PATHS = NO;
				CLANG_ANALYZER_NONNULL = YES;
				CLANG_ANALYZER_NUMBER_OBJECT_CONVERSION = YES_AGGRESSIVE;
				CLANG_CXX_LANGUAGE_STANDARD = "gnu++0x";
				CLANG_CXX_LIBRARY = "libc++";
				CLANG_ENABLE_MODULES = YES;
				CLANG_ENABLE_OBJC_ARC = YES;
				CLANG_WARN_BOOL_CONVERSION = YES;
				CLANG_WARN_CONSTANT_CONVERSION = YES;
				CLANG_WARN_DIRECT_OBJC_ISA_USAGE = YES_ERROR;
				CLANG_WARN_DOCUMENTATION_COMMENTS = YES;
				CLANG_WARN_EMPTY_BODY = YES;
				CLANG_WARN_ENUM_CONVERSION = YES;
				CLANG_WARN_INFINITE_RECURSION = YES;
				CLANG_WARN_INT_CONVERSION = YES;
				CLANG_WARN_OBJC_ROOT_CLASS = YES_ERROR;
				CLANG_WARN_SUSPICIOUS_MOVE = YES;
				CLANG_WARN_UNREACHABLE_CODE = YES;
				CLANG_WARN__DUPLICATE_METHOD_MATCH = YES;
				"CODE_SIGN_IDENTITY[sdk=iphoneos*]" = "iPhone Developer";
				COPY_PHASE_STRIP = NO;
				DEBUG_INFORMATION_FORMAT = "dwarf-with-dsym";
				ENABLE_NS_ASSERTIONS = NO;
				ENABLE_STRICT_OBJC_MSGSEND = YES;
				GCC_C_LANGUAGE_STANDARD = gnu99;
				GCC_NO_COMMON_BLOCKS = YES;
				GCC_WARN_64_TO_32_BIT_CONVERSION = YES;
				GCC_WARN_ABOUT_RETURN_TYPE = YES_ERROR;
				GCC_WARN_UNDECLARED_SELECTOR = YES;
				GCC_WARN_UNINITIALIZED_AUTOS = YES_AGGRESSIVE;
				GCC_WARN_UNUSED_FUNCTION = YES;
				GCC_WARN_UNUSED_VARIABLE = YES;
				IPHONEOS_DEPLOYMENT_TARGET = 10.3;
				MTL_ENABLE_DEBUG_INFO = NO;
				SDKROOT = iphoneos;
				SWIFT_OPTIMIZATION_LEVEL = "-Owholemodule";
				VALIDATE_PRODUCT = YES;
			};
			name = Release;
		};
		B815173A1F030970007B6675 /* Debug */ = {
			isa = XCBuildConfiguration;
			baseConfigurationReference = 88789CFFCE338D6B27680D06 /* Pods-instagram.debug.xcconfig */;
			buildSettings = {
				ASSETCATALOG_COMPILER_APPICON_NAME = AppIcon;
				DEVELOPMENT_TEAM = U253D4MY4D;
				INFOPLIST_FILE = instagram/Info.plist;
				LD_RUNPATH_SEARCH_PATHS = "$(inherited) @executable_path/Frameworks";
				PRODUCT_BUNDLE_IDENTIFIER = com.joshua.instagram;
				PRODUCT_NAME = "$(TARGET_NAME)";
				SWIFT_VERSION = 3.0;
			};
			name = Debug;
		};
		B815173B1F030970007B6675 /* Release */ = {
			isa = XCBuildConfiguration;
			baseConfigurationReference = 1BFB553BE948EB110322BC04 /* Pods-instagram.release.xcconfig */;
			buildSettings = {
				ASSETCATALOG_COMPILER_APPICON_NAME = AppIcon;
				DEVELOPMENT_TEAM = U253D4MY4D;
				INFOPLIST_FILE = instagram/Info.plist;
				LD_RUNPATH_SEARCH_PATHS = "$(inherited) @executable_path/Frameworks";
				PRODUCT_BUNDLE_IDENTIFIER = com.joshua.instagram;
				PRODUCT_NAME = "$(TARGET_NAME)";
				SWIFT_VERSION = 3.0;
			};
			name = Release;
		};
		B815173D1F030970007B6675 /* Debug */ = {
			isa = XCBuildConfiguration;
			baseConfigurationReference = 1D865501FC696B84C842EEE9 /* Pods-instagramTests.debug.xcconfig */;
			buildSettings = {
				ALWAYS_EMBED_SWIFT_STANDARD_LIBRARIES = YES;
				BUNDLE_LOADER = "$(TEST_HOST)";
				INFOPLIST_FILE = instagramTests/Info.plist;
				LD_RUNPATH_SEARCH_PATHS = "$(inherited) @executable_path/Frameworks @loader_path/Frameworks";
				PRODUCT_BUNDLE_IDENTIFIER = com.joshua.instagramTests;
				PRODUCT_NAME = "$(TARGET_NAME)";
				SWIFT_VERSION = 3.0;
				TEST_HOST = "$(BUILT_PRODUCTS_DIR)/instagram.app/instagram";
			};
			name = Debug;
		};
		B815173E1F030970007B6675 /* Release */ = {
			isa = XCBuildConfiguration;
			baseConfigurationReference = 29DE513903193FC3E4D36684 /* Pods-instagramTests.release.xcconfig */;
			buildSettings = {
				ALWAYS_EMBED_SWIFT_STANDARD_LIBRARIES = YES;
				BUNDLE_LOADER = "$(TEST_HOST)";
				INFOPLIST_FILE = instagramTests/Info.plist;
				LD_RUNPATH_SEARCH_PATHS = "$(inherited) @executable_path/Frameworks @loader_path/Frameworks";
				PRODUCT_BUNDLE_IDENTIFIER = com.joshua.instagramTests;
				PRODUCT_NAME = "$(TARGET_NAME)";
				SWIFT_VERSION = 3.0;
				TEST_HOST = "$(BUILT_PRODUCTS_DIR)/instagram.app/instagram";
			};
			name = Release;
		};
		B81517401F030970007B6675 /* Debug */ = {
			isa = XCBuildConfiguration;
			baseConfigurationReference = D7353826F39BF92204F5B6A4 /* Pods-instagramUITests.debug.xcconfig */;
			buildSettings = {
				ALWAYS_EMBED_SWIFT_STANDARD_LIBRARIES = YES;
				INFOPLIST_FILE = instagramUITests/Info.plist;
				LD_RUNPATH_SEARCH_PATHS = "$(inherited) @executable_path/Frameworks @loader_path/Frameworks";
				PRODUCT_BUNDLE_IDENTIFIER = com.joshua.instagramUITests;
				PRODUCT_NAME = "$(TARGET_NAME)";
				SWIFT_VERSION = 3.0;
				TEST_TARGET_NAME = instagram;
			};
			name = Debug;
		};
		B81517411F030970007B6675 /* Release */ = {
			isa = XCBuildConfiguration;
			baseConfigurationReference = 219F2E1126B045E3A86325DE /* Pods-instagramUITests.release.xcconfig */;
			buildSettings = {
				ALWAYS_EMBED_SWIFT_STANDARD_LIBRARIES = YES;
				INFOPLIST_FILE = instagramUITests/Info.plist;
				LD_RUNPATH_SEARCH_PATHS = "$(inherited) @executable_path/Frameworks @loader_path/Frameworks";
				PRODUCT_BUNDLE_IDENTIFIER = com.joshua.instagramUITests;
				PRODUCT_NAME = "$(TARGET_NAME)";
				SWIFT_VERSION = 3.0;
				TEST_TARGET_NAME = instagram;
			};
			name = Release;
		};
/* End XCBuildConfiguration section */

/* Begin XCConfigurationList section */
		B815170C1F03096F007B6675 /* Build configuration list for PBXProject "instagram" */ = {
			isa = XCConfigurationList;
			buildConfigurations = (
				B81517371F030970007B6675 /* Debug */,
				B81517381F030970007B6675 /* Release */,
			);
			defaultConfigurationIsVisible = 0;
			defaultConfigurationName = Release;
		};
		B81517391F030970007B6675 /* Build configuration list for PBXNativeTarget "instagram" */ = {
			isa = XCConfigurationList;
			buildConfigurations = (
				B815173A1F030970007B6675 /* Debug */,
				B815173B1F030970007B6675 /* Release */,
			);
			defaultConfigurationIsVisible = 0;
			defaultConfigurationName = Release;
		};
		B815173C1F030970007B6675 /* Build configuration list for PBXNativeTarget "instagramTests" */ = {
			isa = XCConfigurationList;
			buildConfigurations = (
				B815173D1F030970007B6675 /* Debug */,
				B815173E1F030970007B6675 /* Release */,
			);
			defaultConfigurationIsVisible = 0;
			defaultConfigurationName = Release;
		};
		B815173F1F030970007B6675 /* Build configuration list for PBXNativeTarget "instagramUITests" */ = {
			isa = XCConfigurationList;
			buildConfigurations = (
				B81517401F030970007B6675 /* Debug */,
				B81517411F030970007B6675 /* Release */,
			);
			defaultConfigurationIsVisible = 0;
			defaultConfigurationName = Release;
		};
/* End XCConfigurationList section */
	};
	rootObject = B81517091F03096F007B6675 /* Project object */;
}
